<Solution>
  <Folder Name="/Solution Items/">
    <File Path=".editorconfig" />
    <File Path="AGENTS.md" />
    <File Path="Analyzers.ruleset" />
    <File Path="CLAUDE.md" />
    <File Path="Directory.Build.props" />
    <File Path="Directory.Build.targets" />
    <File Path="README.md" />
    <File Path="InspectorChecker.sln.DotSettings" />
  </Folder>
  <Project Path="InspectorChecker/InspectorChecker.csproj" Id="9fa73f78-b40a-4b24-b427-b897f5dccb77" />
</Solution>
