<Solution>
  <Folder Name="/Solution Items/">
    <File Path=".editorconfig" />
    <File Path="AGENTS.md" />
    <File Path="Analyzers.ruleset" />
    <File Path="Directory.Build.props" />
    <File Path="Directory.Build.targets" />
    <File Path="README.md" />
  </Folder>
  <Project Path="PosChecker/PosChecker.csproj" Id="b1f0c2a4-7d3e-4a8c-9f21-5c6d8e2a4b10" />
</Solution>
